<?xml version="1.0" encoding="utf-8"?>
<Project ToolsVersion="4.0" xmlns="http://schemas.microsoft.com/developer/msbuild/2003">
  <ItemGroup>
    <FxCompile Include="Resources\Shader\AnimationObject3D\AnimationObject3D.PS.hlsl" />
    <FxCompile Include="Resources\Shader\AnimationObject3D\AnimationObject3D.VS.hlsl" />
    <FxCompile Include="Resources\Shader\BoxFilter\BoxFilter.PS.hlsl" />
    <FxCompile Include="Resources\Shader\BoxFilter\BoxFilter.VS.hlsl" />
    <FxCompile Include="Resources\Shader\DepthBasedOutline\DepthBasedOutline.PS.hlsl" />
    <FxCompile Include="Resources\Shader\DepthBasedOutline\DepthBasedOutline.VS.hlsl" />
    <FxCompile Include="Resources\Shader\Dissolve\Dissolve.PS.hlsl" />
    <FxCompile Include="Resources\Shader\Dissolve\Dissolve.VS.hlsl" />
    <FxCompile Include="Resources\Shader\FullScreen\FullScreen.PS.hlsl" />
    <FxCompile Include="Resources\Shader\FullScreen\FullScreen.VS.hlsl" />
    <FxCompile Include="Resources\Shader\GaussianFilter\GaussianFilter.PS.hlsl" />
    <FxCompile Include="Resources\Shader\GaussianFilter\GaussianFilter.VS.hlsl" />
    <FxCompile Include="Resources\Shader\GrayScale\GrayScale.PS.hlsl" />
    <FxCompile Include="Resources\Shader\GrayScale\GrayScale.VS.hlsl" />
    <FxCompile Include="Resources\Shader\Line3D\Line3D.PS.hlsl" />
    <FxCompile Include="Resources\Shader\Line3D\Line3D.VS.hlsl" />
    <FxCompile Include="Resources\Shader\LuminanceBasedOutline\LuminanceBasedOutline.PS.hlsl" />
    <FxCompile Include="Resources\Shader\LuminanceBasedOutline\LuminanceBasedOutline.VS.hlsl" />
    <FxCompile Include="Resources\Shader\Object2D\Object2d.PS.hlsl" />
    <FxCompile Include="Resources\Shader\Object2D\Object2d.VS.hlsl" />
    <FxCompile Include="Resources\Shader\Object3D\Object3d.PS.hlsl" />
    <FxCompile Include="Resources\Shader\Object3D\Object3d.VS.hlsl" />
    <FxCompile Include="Resources\Shader\Particle3D\Particle3d.PS.hlsl" />
    <FxCompile Include="Resources\Shader\Particle3D\Particle3d.VS.hlsl" />
    <FxCompile Include="Resources\Shader\RadialBlur\RadialBlur.PS.hlsl" />
    <FxCompile Include="Resources\Shader\RadialBlur\RadialBlur.VS.hlsl" />
    <FxCompile Include="Resources\Shader\RandomEffect\RandomEffect.PS.hlsl" />
    <FxCompile Include="Resources\Shader\RandomEffect\RandomEffect.VS.hlsl" />
    <FxCompile Include="Resources\Shader\SepiaScale\SepiaScale.PS.hlsl" />
    <FxCompile Include="Resources\Shader\SepiaScale\SepiaScale.VS.hlsl" />
    <FxCompile Include="Resources\Shader\SkyBox\SkyBox.PS.hlsl" />
    <FxCompile Include="Resources\Shader\SkyBox\SkyBox.VS.hlsl" />
    <FxCompile Include="Resources\Shader\Vignette\Vignette.PS.hlsl" />
    <FxCompile Include="Resources\Shader\Vignette\Vignette.VS.hlsl" />
  </ItemGroup>
  <ItemGroup>
    <ClCompile Include="Project\Player\Player.cpp">
      <Filter>Project\Player</Filter>
    </ClCompile>
    <ClCompile Include="Project\Light\FlashLight\FlashLight.cpp">
      <Filter>Project\Player\Light\FlashLight</Filter>
    </ClCompile>
    <ClCompile Include="Project\AllGameScene\TitleScene\TitleScene.cpp">
      <Filter>Project\Scene\Title</Filter>
    </ClCompile>
    <ClCompile Include="Project\AllGameScene\LoseScene\LoseScene.cpp">
      <Filter>Project\Scene\Lose</Filter>
    </ClCompile>
    <ClCompile Include="Project\Player\PlayerCollisionToStrongEnemy.cpp">
      <Filter>Project\Player\Collision\PlayerCollisionToStrongEnemy</Filter>
    </ClCompile>
    <ClCompile Include="Project\AllGameScene\GameScene\GameScene.cpp">
      <Filter>Project\Scene\Game</Filter>
    </ClCompile>
    <ClCompile Include="Project\Player\PlayerCollisionToNormalEnemyAttack.cpp">
      <Filter>Project\Player\Collision\PlayerCollisionToNormalEnemyAttack</Filter>
    </ClCompile>
    <ClCompile Include="Project\Player\PlayerCollisionToAudioObject.cpp">
      <Filter>Project\Player\Collision\PlayerCollisionToAudioObject</Filter>
    </ClCompile>
    <ClCompile Include="Project\AllGameScene\WinScene\WinScene.cpp">
      <Filter>Project\Scene\Win</Filter>
    </ClCompile>
    <ClCompile Include="Project\Light\FlashLight\FlashLightCollision.cpp">
      <Filter>Project\Player\Light\FlashLight</Filter>
    </ClCompile>
    <ClCompile Include="Project\Player\PlayerCollisionToStageObject.cpp">
      <Filter>Project\Player\Collision\PlayerCollisionToStageObject</Filter>
    </ClCompile>
    <ClCompile Include="Project\Player\AudioTestPlayer.cpp">
      <Filter>Project\Player\Test</Filter>
    </ClCompile>
    <ClCompile Include="Project\AllGameScene\GameSceneFactory.cpp">
      <Filter>Project\Scene\Factory</Filter>
    </ClCompile>
    <ClCompile Include="Project\Player\BasedPlayerCollision.cpp">
      <Filter>Project\Player\Collision</Filter>
    </ClCompile>
    <ClCompile Include="Elysia\StringOption\StringOption.cpp">
      <Filter>Elysia\Source File\StringOption</Filter>
    </ClCompile>
    <ClCompile Include="Elysia\Polygon\PostEffect\Vignette\VignettePostEffect.cpp">
      <Filter>Elysia\Source File\Polygone\PostEffect</Filter>
    </ClCompile>
    <ClCompile Include="Elysia\Polygon\PostEffect\BackTest\BackTexture.cpp">
      <Filter>Elysia\Source File\Polygone\PostEffect</Filter>
    </ClCompile>
    <ClCompile Include="Elysia\Polygon\PostEffect\BoxFilter\BoxFilter.cpp">
      <Filter>Elysia\Source File\Polygone\PostEffect</Filter>
    </ClCompile>
    <ClCompile Include="Elysia\Polygon\PostEffect\Dissolve\DissolveEffect.cpp">
      <Filter>Elysia\Source File\Polygone\PostEffect</Filter>
    </ClCompile>
    <ClCompile Include="Elysia\Polygon\PostEffect\GaussianFilter\GaussianFilter.cpp">
      <Filter>Elysia\Source File\Polygone\PostEffect</Filter>
    </ClCompile>
    <ClCompile Include="Elysia\Polygon\PostEffect\GrayScale\GrayScale.cpp">
      <Filter>Elysia\Source File\Polygone\PostEffect</Filter>
    </ClCompile>
    <ClCompile Include="Elysia\Polygon\PostEffect\LuminanceBasedOutline\LuminanceBasedOutline.cpp">
      <Filter>Elysia\Source File\Polygone\PostEffect</Filter>
    </ClCompile>
    <ClCompile Include="Elysia\Polygon\PostEffect\RadialBlur\RadialBlur.cpp">
      <Filter>Elysia\Source File\Polygone\PostEffect</Filter>
    </ClCompile>
    <ClCompile Include="Elysia\Polygon\PostEffect\RandomEffect\RandomNoisePostEffect.cpp">
      <Filter>Elysia\Source File\Polygone\PostEffect</Filter>
    </ClCompile>
    <ClCompile Include="Elysia\Polygon\PostEffect\SepiaScale\SepiaScale.cpp">
      <Filter>Elysia\Source File\Polygone\PostEffect</Filter>
    </ClCompile>
    <ClCompile Include="Elysia\main.cpp">
      <Filter>Elysia\Source File</Filter>
    </ClCompile>
    <ClCompile Include="Elysia\Math\BPMCalculation\BPMSetting.cpp">
      <Filter>Elysia\Source File\Math\BPM</Filter>
    </ClCompile>
    <ClCompile Include="Elysia\Math\Collision\CollisionCalculation.cpp">
      <Filter>Elysia\Source File\Math\Collision</Filter>
    </ClCompile>
    <ClCompile Include="Elysia\Math\Matrix\Calculation\Matrix4x4Calculation.cpp">
      <Filter>Elysia\Source File\Math\Matrix</Filter>
    </ClCompile>
    <ClCompile Include="Elysia\Math\PushBackCalculation\PushBackCalculation.cpp">
      <Filter>Elysia\Source File\Math\PushBack</Filter>
    </ClCompile>
    <ClCompile Include="Elysia\Math\Quaternion\Calculation\QuaternionCalculation.cpp">
      <Filter>Elysia\Source File\Math\Quaternion</Filter>
    </ClCompile>
    <ClCompile Include="Elysia\Math\Single\SingleCalculation.cpp">
      <Filter>Elysia\Source File\Math\Single</Filter>
    </ClCompile>
    <ClCompile Include="Elysia\Math\Vector\Calculation\VectorCalculation.cpp">
      <Filter>Elysia\Source File\Math\Vector</Filter>
    </ClCompile>
    <ClCompile Include="Elysia\Math\WorldTransform\WorldTransform.cpp">
      <Filter>Elysia\Source File\Math\WorldTransform</Filter>
    </ClCompile>
    <ClCompile Include="Elysia\Manager\ModelManager\Animation.cpp">
      <Filter>Elysia\Source File\Manager\Model</Filter>
    </ClCompile>
    <ClCompile Include="Elysia\Manager\ModelManager\Joint.cpp">
      <Filter>Elysia\Source File\Manager\Model</Filter>
    </ClCompile>
    <ClCompile Include="Elysia\Manager\ModelManager\ModelManager.cpp">
      <Filter>Elysia\Source File\Manager\Model</Filter>
    </ClCompile>
    <ClCompile Include="Elysia\Manager\ModelManager\ReadNode.cpp">
      <Filter>Elysia\Source File\Manager\Model</Filter>
    </ClCompile>
    <ClCompile Include="Elysia\Manager\ModelManager\Skeleton.cpp">
      <Filter>Elysia\Source File\Manager\Model</Filter>
    </ClCompile>
    <ClCompile Include="Elysia\Manager\ModelManager\SkinCluster.cpp">
      <Filter>Elysia\Source File\Manager\Model</Filter>
    </ClCompile>
    <ClCompile Include="Elysia\Manager\PipelineManager\PipelineManager.cpp">
      <Filter>Elysia\Source File\Manager\Pipeline</Filter>
    </ClCompile>
    <ClCompile Include="Elysia\Manager\RtvManager\RtvManager.cpp">
      <Filter>Elysia\Source File\Manager\RTV</Filter>
    </ClCompile>
    <ClCompile Include="Elysia\Manager\SrvManager\SrvManager.cpp">
      <Filter>Elysia\Source File\Manager\SRV</Filter>
    </ClCompile>
    <ClCompile Include="Elysia\Manager\TextureManager\TextureManager.cpp">
      <Filter>Elysia\Source File\Manager\Texture</Filter>
    </ClCompile>
    <ClCompile Include="Elysia\Polygon\3D\AnimationModel\AnimationModel.cpp">
      <Filter>Elysia\Source File\Polygone\3D\AnimationModel</Filter>
    </ClCompile>
    <ClCompile Include="Elysia\Polygon\3D\InstancingModel\InstancingModel.cpp">
      <Filter>Elysia\Source File\Polygone\3D\InstancingModel</Filter>
    </ClCompile>
    <ClCompile Include="Elysia\Polygon\3D\Model\Model.cpp">
      <Filter>Elysia\Source File\Polygone\3D\Model</Filter>
    </ClCompile>
    <ClCompile Include="Elysia\Polygon\3D\Particle3D\Particle3D.cpp">
      <Filter>Elysia\Source File\Polygone\3D\Particle</Filter>
    </ClCompile>
    <ClCompile Include="Elysia\Polygon\3D\SkyBox\SkyBox.cpp">
      <Filter>Elysia\Source File\Polygone\3D\SkyBox</Filter>
    </ClCompile>
    <ClCompile Include="Elysia\Polygon\3D\Sphere\Sphere.cpp">
      <Filter>Elysia\Source File\Polygone\3D\Sphere</Filter>
    </ClCompile>
    <ClCompile Include="Elysia\Polygon\2D\Sprite\Sprite.cpp">
      <Filter>Elysia\Source File\Polygone\2D\Sprite</Filter>
    </ClCompile>
    <ClCompile Include="Elysia\Polygon\2D\Triangle\Triangle.cpp">
      <Filter>Elysia\Source File\Polygone\2D\Triangle</Filter>
    </ClCompile>
    <ClCompile Include="Elysia\Material\Material.cpp">
      <Filter>Elysia\Source File\Material</Filter>
    </ClCompile>
    <ClCompile Include="Elysia\Material\Dissolve\Dissolve.cpp">
      <Filter>Elysia\Source File\Material</Filter>
    </ClCompile>
    <ClCompile Include="Elysia\Manager\LevelDataManager\LevelDataManager.cpp">
      <Filter>Elysia\Source File\Manager\LevelData</Filter>
    </ClCompile>
    <ClCompile Include="Elysia\Manager\LevelDataManager\Model\AudioObjectForLevelEditorCollider.cpp">
      <Filter>Elysia\Source File\Manager\LevelData\Object\Collider</Filter>
    </ClCompile>
    <ClCompile Include="Elysia\Manager\LevelDataManager\Model\StageObjectForLevelEditorCollider.cpp">
      <Filter>Elysia\Source File\Manager\LevelData\Object\Collider</Filter>
    </ClCompile>
    <ClCompile Include="Elysia\Manager\LevelDataManager\Model\BaseObjectForLevelEditor.cpp">
      <Filter>Elysia\Source File\Manager\LevelData\Object</Filter>
    </ClCompile>
    <ClCompile Include="Elysia\Manager\LevelDataManager\Model\StageObjectForLevelEditor.cpp">
      <Filter>Elysia\Source File\Manager\LevelData\Object</Filter>
    </ClCompile>
    <ClCompile Include="Elysia\Manager\LevelDataManager\Model\AudioObjectForLevelEditor.cpp">
      <Filter>Elysia\Source File\Manager\LevelData\Object</Filter>
    </ClCompile>
    <ClCompile Include="Elysia\Manager\ImGuiManager\ImGuiManager.cpp">
      <Filter>Elysia\Source File\Manager\ImGui</Filter>
    </ClCompile>
    <ClCompile Include="Elysia\Manager\GameManager\GameManager.cpp">
      <Filter>Elysia\Source File\Manager\GameManager</Filter>
    </ClCompile>
    <ClCompile Include="Elysia\Manager\CollisionManager\CollisionManager.cpp">
      <Filter>Elysia\Source File\Manager\Collision</Filter>
    </ClCompile>
    <ClCompile Include="Elysia\Manager\AnimationManager\AnimationManager.cpp">
      <Filter>Elysia\Source File\Manager\Animation</Filter>
    </ClCompile>
    <ClCompile Include="Elysia\Line\Line.cpp">
      <Filter>Elysia\Source File\Line</Filter>
    </ClCompile>
    <ClCompile Include="Elysia\Lighting\PointLight.cpp">
      <Filter>Elysia\Source File\Lighting</Filter>
    </ClCompile>
    <ClCompile Include="Elysia\Lighting\SpotLight.cpp">
      <Filter>Elysia\Source File\Lighting</Filter>
    </ClCompile>
    <ClCompile Include="Elysia\Lighting\DirectionalLight.cpp">
      <Filter>Elysia\Source File\Lighting</Filter>
    </ClCompile>
    <ClCompile Include="Elysia\Input\Input.cpp">
      <Filter>Elysia\Source File\Input</Filter>
    </ClCompile>
    <ClCompile Include="Elysia\GlobalVariables\GlobalVariables.cpp">
      <Filter>Elysia\Source File\GlobalVariables</Filter>
    </ClCompile>
    <ClCompile Include="Elysia\Framework\Framework.cpp">
      <Filter>Elysia\Source File\Framework</Filter>
    </ClCompile>
    <ClCompile Include="Elysia\Common\Windows\WindowsSetup.cpp">
      <Filter>Elysia\Source File\Windows</Filter>
    </ClCompile>
    <ClCompile Include="Elysia\Camera\Camera.cpp">
      <Filter>Elysia\Source File\Camera</Filter>
    </ClCompile>
    <ClCompile Include="Elysia\Audio\Audio.cpp">
      <Filter>Elysia\Source File\Audio</Filter>
    </ClCompile>
    <ClCompile Include="Project\AllGameScene\TestScene\TestScene.cpp">
      <Filter>Project\Scene\Test</Filter>
    </ClCompile>
    <ClCompile Include="Elysia\Convert\Convert.cpp">
      <Filter>Elysia\Source File\Convert</Filter>
    </ClCompile>
    <ClCompile Include="Project\Player\Camera\PlayerCamera.cpp">
      <Filter>Project\Camera\PlayerCamera</Filter>
    </ClCompile>
    <ClCompile Include="Elysia\Common\DirectX\DirectXSetup.cpp">
      <Filter>Elysia\Source File\DirectX</Filter>
    </ClCompile>
    <ClCompile Include="Elysia\Material\Vignette\Vignette.cpp">
      <Filter>Elysia\Source File\Material</Filter>
    </ClCompile>
    <ClCompile Include="Elysia\Material\RandomNoise\RandomNoise.cpp">
      <Filter>Elysia\Source File\Material</Filter>
    </ClCompile>
    <ClCompile Include="Project\EscapeAssistArrow\EscapeAssistArrow.cpp">
      <Filter>Project\Item\EscapeAssistArrow</Filter>
    </ClCompile>
    <ClCompile Include="Collider.cpp">
      <Filter>Elysia\Source File\Manager\Collision</Filter>
    </ClCompile>
  </ItemGroup>
  <ItemGroup>
    <FxCompile Include="Resources\Shader\Particle3D\Particle3d.PS.hlsl">
      <Filter>Elysia\Resource File\Particle3D</Filter>
    </FxCompile>
    <FxCompile Include="Resources\Shader\Particle3D\Particle3d.VS.hlsl">
      <Filter>Elysia\Resource File\Particle3D</Filter>
    </FxCompile>
    <FxCompile Include="Resources\Shader\Object2D\Object2d.PS.hlsl">
      <Filter>Elysia\Resource File\Object2d</Filter>
    </FxCompile>
    <FxCompile Include="Resources\Shader\Object2D\Object2d.VS.hlsl">
      <Filter>Elysia\Resource File\Object2d</Filter>
    </FxCompile>
    <FxCompile Include="Resources\Shader\Object3D\Object3d.PS.hlsl">
      <Filter>Elysia\Resource File\Object3d</Filter>
    </FxCompile>
    <FxCompile Include="Resources\Shader\Object3D\Object3d.VS.hlsl">
      <Filter>Elysia\Resource File\Object3d</Filter>
    </FxCompile>
    <FxCompile Include="Resources\Shader\AnimationObject3D\AnimationObject3D.PS.hlsl">
      <Filter>Elysia\Resource File\AnimationObject3D</Filter>
    </FxCompile>
    <FxCompile Include="Resources\Shader\AnimationObject3D\AnimationObject3D.VS.hlsl">
      <Filter>Elysia\Resource File\AnimationObject3D</Filter>
    </FxCompile>
    <FxCompile Include="Resources\Shader\SkyBox\SkyBox.VS.hlsl">
      <Filter>Elysia\Resource File\SkyBox</Filter>
    </FxCompile>
    <FxCompile Include="Resources\Shader\SkyBox\SkyBox.PS.hlsl">
      <Filter>Elysia\Resource File\SkyBox</Filter>
    </FxCompile>
    <FxCompile Include="Resources\Shader\DepthBasedOutline\DepthBasedOutline.PS.hlsl">
      <Filter>Elysia\Resource File\PostEffect\DepthBasedOutLine</Filter>
    </FxCompile>
    <FxCompile Include="Resources\Shader\DepthBasedOutline\DepthBasedOutline.VS.hlsl">
      <Filter>Elysia\Resource File\PostEffect\DepthBasedOutLine</Filter>
    </FxCompile>
    <FxCompile Include="Resources\Shader\Dissolve\Dissolve.PS.hlsl">
      <Filter>Elysia\Resource File\PostEffect\Dissolve</Filter>
    </FxCompile>
    <FxCompile Include="Resources\Shader\Dissolve\Dissolve.VS.hlsl">
      <Filter>Elysia\Resource File\PostEffect\Dissolve</Filter>
    </FxCompile>
    <FxCompile Include="Resources\Shader\FullScreen\FullScreen.PS.hlsl">
      <Filter>Elysia\Resource File\PostEffect\FullScreen</Filter>
    </FxCompile>
    <FxCompile Include="Resources\Shader\FullScreen\FullScreen.VS.hlsl">
      <Filter>Elysia\Resource File\PostEffect\FullScreen</Filter>
    </FxCompile>
    <FxCompile Include="Resources\Shader\LuminanceBasedOutline\LuminanceBasedOutline.PS.hlsl">
      <Filter>Elysia\Resource File\PostEffect\LuminanceBasedOutline</Filter>
    </FxCompile>
    <FxCompile Include="Resources\Shader\LuminanceBasedOutline\LuminanceBasedOutline.VS.hlsl">
      <Filter>Elysia\Resource File\PostEffect\LuminanceBasedOutline</Filter>
    </FxCompile>
    <FxCompile Include="Resources\Shader\RadialBlur\RadialBlur.PS.hlsl">
      <Filter>Elysia\Resource File\PostEffect\RadialBlur</Filter>
    </FxCompile>
    <FxCompile Include="Resources\Shader\RadialBlur\RadialBlur.VS.hlsl">
      <Filter>Elysia\Resource File\PostEffect\RadialBlur</Filter>
    </FxCompile>
    <FxCompile Include="Resources\Shader\RandomEffect\RandomEffect.PS.hlsl">
      <Filter>Elysia\Resource File\PostEffect\RandomEffect</Filter>
    </FxCompile>
    <FxCompile Include="Resources\Shader\RandomEffect\RandomEffect.VS.hlsl">
      <Filter>Elysia\Resource File\PostEffect\RandomEffect</Filter>
    </FxCompile>
    <FxCompile Include="Resources\Shader\GrayScale\GrayScale.PS.hlsl">
      <Filter>Elysia\Resource File\PostEffect\GrayScale</Filter>
    </FxCompile>
    <FxCompile Include="Resources\Shader\GrayScale\GrayScale.VS.hlsl">
      <Filter>Elysia\Resource File\PostEffect\GrayScale</Filter>
    </FxCompile>
    <FxCompile Include="Resources\Shader\SepiaScale\SepiaScale.PS.hlsl">
      <Filter>Elysia\Resource File\PostEffect\SepiaScale</Filter>
    </FxCompile>
    <FxCompile Include="Resources\Shader\SepiaScale\SepiaScale.VS.hlsl">
      <Filter>Elysia\Resource File\PostEffect\SepiaScale</Filter>
    </FxCompile>
    <FxCompile Include="Resources\Shader\Vignette\Vignette.PS.hlsl">
      <Filter>Elysia\Resource File\PostEffect\Vignette</Filter>
    </FxCompile>
    <FxCompile Include="Resources\Shader\Vignette\Vignette.VS.hlsl">
      <Filter>Elysia\Resource File\PostEffect\Vignette</Filter>
    </FxCompile>
    <FxCompile Include="Resources\Shader\BoxFilter\BoxFilter.PS.hlsl">
      <Filter>Elysia\Resource File\PostEffect\BoxFilter</Filter>
    </FxCompile>
    <FxCompile Include="Resources\Shader\BoxFilter\BoxFilter.VS.hlsl">
      <Filter>Elysia\Resource File\PostEffect\BoxFilter</Filter>
    </FxCompile>
    <FxCompile Include="Resources\Shader\GaussianFilter\GaussianFilter.PS.hlsl">
      <Filter>Elysia\Resource File\PostEffect\GaussianFilter</Filter>
    </FxCompile>
    <FxCompile Include="Resources\Shader\GaussianFilter\GaussianFilter.VS.hlsl">
      <Filter>Elysia\Resource File\PostEffect\GaussianFilter</Filter>
    </FxCompile>
    <FxCompile Include="Resources\Shader\Line3D\Line3D.PS.hlsl">
      <Filter>Elysia\Resource File\Line3D</Filter>
    </FxCompile>
    <FxCompile Include="Resources\Shader\Line3D\Line3D.VS.hlsl">
      <Filter>Elysia\Resource File\Line3D</Filter>
    </FxCompile>
    <ClCompile Include="Elysia\Audio\Audio.cpp" />
    <ClCompile Include="Elysia\Camera\Camera.cpp" />
    <ClCompile Include="Elysia\Common\DirectX\DirectXSetup.cpp" />
    <ClCompile Include="Elysia\Common\Windows\WindowsSetup.cpp" />
    <ClCompile Include="Elysia\Convert\Convert.cpp" />
    <ClCompile Include="Elysia\Framework\Framework.cpp" />
    <ClCompile Include="Elysia\GlobalVariables\GlobalVariables.cpp" />
    <ClCompile Include="Elysia\Input\Input.cpp" />
    <ClCompile Include="Elysia\Lighting\DirectionalLight.cpp" />
    <ClCompile Include="Elysia\Lighting\PointLight.cpp" />
    <ClCompile Include="Elysia\Lighting\SpotLight.cpp" />
    <ClCompile Include="Elysia\Line\Line.cpp" />
    <ClCompile Include="Elysia\main.cpp" />
    <ClCompile Include="Elysia\Manager\AnimationManager\AnimationManager.cpp" />
    <ClCompile Include="Elysia\Manager\CollisionManager\CollisionManager.cpp" />
    <ClCompile Include="Elysia\Manager\GameManager\GameManager.cpp" />
    <ClCompile Include="Elysia\Manager\ImGuiManager\ImGuiManager.cpp" />
    <ClCompile Include="Elysia\Manager\LevelDataManager\LevelDataManager.cpp" />
    <ClCompile Include="Elysia\Manager\LevelDataManager\Model\AudioObjectForLevelEditor.cpp" />
    <ClCompile Include="Elysia\Manager\LevelDataManager\Model\AudioObjectForLevelEditorCollider.cpp" />
    <ClCompile Include="Elysia\Manager\LevelDataManager\Model\BaseObjectForLevelEditor.cpp" />
    <ClCompile Include="Elysia\Manager\LevelDataManager\Model\StageObjectForLevelEditor.cpp" />
    <ClCompile Include="Elysia\Manager\LevelDataManager\Model\StageObjectForLevelEditorCollider.cpp" />
    <ClCompile Include="Elysia\Manager\ModelManager\Animation.cpp" />
    <ClCompile Include="Elysia\Manager\ModelManager\Joint.cpp" />
    <ClCompile Include="Elysia\Manager\ModelManager\ModelManager.cpp" />
    <ClCompile Include="Elysia\Manager\ModelManager\ReadNode.cpp" />
    <ClCompile Include="Elysia\Manager\ModelManager\Skeleton.cpp" />
    <ClCompile Include="Elysia\Manager\ModelManager\SkinCluster.cpp" />
    <ClCompile Include="Elysia\Manager\PipelineManager\PipelineManager.cpp" />
    <ClCompile Include="Elysia\Manager\RtvManager\RtvManager.cpp" />
    <ClCompile Include="Elysia\Manager\SrvManager\SrvManager.cpp" />
    <ClCompile Include="Elysia\Manager\TextureManager\TextureManager.cpp" />
    <ClCompile Include="Elysia\Material\Dissolve\Dissolve.cpp" />
    <ClCompile Include="Elysia\Material\Material.cpp" />
    <ClCompile Include="Elysia\Material\RandomNoise\RandomNoise.cpp" />
    <ClCompile Include="Elysia\Material\Vignette\Vignette.cpp" />
    <ClCompile Include="Elysia\Math\BPMCalculation\BPMSetting.cpp" />
    <ClCompile Include="Elysia\Math\Collision\CollisionCalculation.cpp" />
    <ClCompile Include="Elysia\Math\Matrix\Calculation\Matrix4x4Calculation.cpp" />
    <ClCompile Include="Elysia\Math\PushBackCalculation\PushBackCalculation.cpp" />
    <ClCompile Include="Elysia\Math\Quaternion\Calculation\QuaternionCalculation.cpp" />
    <ClCompile Include="Elysia\Math\Single\SingleCalculation.cpp" />
    <ClCompile Include="Elysia\Math\Vector\Calculation\VectorCalculation.cpp" />
    <ClCompile Include="Elysia\Math\WorldTransform\WorldTransform.cpp" />
    <ClCompile Include="Elysia\Polygon\2D\Sprite\Sprite.cpp" />
    <ClCompile Include="Elysia\Polygon\2D\Triangle\Triangle.cpp" />
    <ClCompile Include="Elysia\Polygon\3D\AnimationModel\AnimationModel.cpp" />
    <ClCompile Include="Elysia\Polygon\3D\InstancingModel\InstancingModel.cpp" />
    <ClCompile Include="Elysia\Polygon\3D\Model\Model.cpp" />
    <ClCompile Include="Elysia\Polygon\3D\Particle3D\Particle3D.cpp" />
    <ClCompile Include="Elysia\Polygon\3D\SkyBox\SkyBox.cpp" />
    <ClCompile Include="Elysia\Polygon\3D\Sphere\Sphere.cpp" />
    <ClCompile Include="Elysia\Polygon\PostEffect\BackTest\BackTexture.cpp" />
    <ClCompile Include="Elysia\Polygon\PostEffect\BoxFilter\BoxFilter.cpp" />
    <ClCompile Include="Elysia\Polygon\PostEffect\Dissolve\DissolveEffect.cpp" />
    <ClCompile Include="Elysia\Polygon\PostEffect\GaussianFilter\GaussianFilter.cpp" />
    <ClCompile Include="Elysia\Polygon\PostEffect\GrayScale\GrayScale.cpp" />
    <ClCompile Include="Elysia\Polygon\PostEffect\LuminanceBasedOutline\LuminanceBasedOutline.cpp" />
    <ClCompile Include="Elysia\Polygon\PostEffect\RadialBlur\RadialBlur.cpp" />
    <ClCompile Include="Elysia\Polygon\PostEffect\RandomEffect\RandomNoisePostEffect.cpp" />
    <ClCompile Include="Elysia\Polygon\PostEffect\SepiaScale\SepiaScale.cpp" />
    <ClCompile Include="Elysia\Polygon\PostEffect\Vignette\VignettePostEffect.cpp" />
    <ClCompile Include="Elysia\StringOption\StringOption.cpp" />
    <ClCompile Include="Project\AllGameScene\GameSceneFactory.cpp" />
    <ClCompile Include="Project\AllGameScene\GameScene\GameScene.cpp" />
    <ClCompile Include="Project\AllGameScene\LoseScene\LoseScene.cpp" />
    <ClCompile Include="Project\AllGameScene\TestScene\TestScene.cpp" />
    <ClCompile Include="Project\AllGameScene\TitleScene\TitleScene.cpp" />
    <ClCompile Include="Project\AllGameScene\WinScene\WinScene.cpp" />
    <ClCompile Include="Project\EscapeAssistArrow\EscapeAssistArrow.cpp" />
    <ClCompile Include="Project\Light\FlashLight\FlashLight.cpp" />
    <ClCompile Include="Project\Light\FlashLight\FlashLightCollision.cpp" />
    <ClCompile Include="Project\Player\AudioTestPlayer.cpp" />
    <ClCompile Include="Project\Player\BasedPlayerCollision.cpp" />
    <ClCompile Include="Project\Player\Camera\PlayerCamera.cpp" />
    <ClCompile Include="Project\Player\Player.cpp" />
    <ClCompile Include="Project\Player\PlayerCollisionToAudioObject.cpp" />
    <ClCompile Include="Project\Player\PlayerCollisionToNormalEnemyAttack.cpp" />
    <ClCompile Include="Project\Player\PlayerCollisionToStageObject.cpp" />
    <ClCompile Include="Project\Player\PlayerCollisionToStrongEnemy.cpp" />
    <ClCompile Include="Project\Terrain\Floor\Floor.cpp" />
    <ClCompile Include="Project\Terrain\TerrainManager.cpp" />
    <ClCompile Include="Project\Terrain\Wall\Wall.cpp" />
  </ItemGroup>
  <ItemGroup>
    <ClInclude Include="Elysia\Audio\Audio.h" />
    <ClInclude Include="Elysia\Audio\AudioInformation.h" />
    <ClInclude Include="Elysia\Camera\Camera.h" />
    <ClInclude Include="Elysia\Common\DirectX\DirectXSetup.h" />
    <ClInclude Include="Elysia\Common\Windows\WindowsSetup.h" />
    <ClInclude Include="Elysia\Convert\Convert.h" />
    <ClInclude Include="Elysia\Framework\Framework.h" />
    <ClInclude Include="Elysia\GlobalVariables\GlobalVariables.h" />
    <ClInclude Include="Elysia\Input\Input.h" />
    <ClInclude Include="Elysia\Input\MouseInformation.h" />
    <ClInclude Include="Elysia\Lighting\DirectionalLight.h" />
    <ClInclude Include="Elysia\Lighting\LightingType.h" />
    <ClInclude Include="Elysia\Lighting\PointLight.h" />
    <ClInclude Include="Elysia\Lighting\SpotLight.h" />
    <ClInclude Include="Elysia\Line\Line.h" />
    <ClInclude Include="Elysia\Manager\AnimationManager\AnimationManager.h" />
    <ClInclude Include="Elysia\Manager\CollisionManager\Collider.h" />
    <ClInclude Include="Elysia\Manager\CollisionManager\CollisionManager.h" />
    <ClInclude Include="Elysia\Manager\GameManager\GameManager.h" />
    <ClInclude Include="Elysia\Manager\GameManager\IAbstractSceneFactory.h" />
    <ClInclude Include="Elysia\Manager\GameManager\IGameScene.h" />
    <ClInclude Include="Elysia\Manager\ImGuiManager\ImGuiManager.h" />
    <ClInclude Include="Elysia\Manager\LevelDataManager\LevelDataManager.h" />
    <ClInclude Include="Elysia\Manager\LevelDataManager\Listener.h" />
    <ClInclude Include="Elysia\Manager\LevelDataManager\Model\AudioObjectForLevelEditor.h" />
    <ClInclude Include="Elysia\Manager\LevelDataManager\Model\AudioObjectForLevelEditorCollider.h" />
    <ClInclude Include="Elysia\Manager\LevelDataManager\Model\BaseObjectForLevelEditor.h" />
    <ClInclude Include="Elysia\Manager\LevelDataManager\Model\IObjectForLevelEditorCollider.h" />
    <ClInclude Include="Elysia\Manager\LevelDataManager\Model\StageObjectForLevelEditor.h" />
    <ClInclude Include="Elysia\Manager\LevelDataManager\Model\StageObjectForLevelEditorCollider.h" />
    <ClInclude Include="Elysia\Manager\ModelManager\Animation.h" />
    <ClInclude Include="Elysia\Manager\ModelManager\Joint.h" />
    <ClInclude Include="Elysia\Manager\ModelManager\JoinWeightData.h" />
    <ClInclude Include="Elysia\Manager\ModelManager\KeyFrame.h" />
    <ClInclude Include="Elysia\Manager\ModelManager\ModelData.h" />
    <ClInclude Include="Elysia\Manager\ModelManager\ModelManager.h" />
    <ClInclude Include="Elysia\Manager\ModelManager\Node.h" />
    <ClInclude Include="Elysia\Manager\ModelManager\NodeAnimation.h" />
    <ClInclude Include="Elysia\Manager\ModelManager\ReadNode.h" />
    <ClInclude Include="Elysia\Manager\ModelManager\Skeleton.h" />
    <ClInclude Include="Elysia\Manager\ModelManager\SkinCluster.h" />
    <ClInclude Include="Elysia\Manager\ModelManager\VertexInfluence.h" />
    <ClInclude Include="Elysia\Manager\ModelManager\VertexWeightData.h" />
    <ClInclude Include="Elysia\Manager\ModelManager\WellForGPU.h" />
    <ClInclude Include="Elysia\Manager\PipelineManager\BlendMode.h" />
    <ClInclude Include="Elysia\Manager\PipelineManager\PipelineManager.h" />
    <ClInclude Include="Elysia\Manager\RtvManager\RtvManager.h" />
    <ClInclude Include="Elysia\Manager\SrvManager\SrvManager.h" />
    <ClInclude Include="Elysia\Manager\TextureManager\TextureManager.h" />
    <ClInclude Include="Elysia\Material\Color.h" />
    <ClInclude Include="Elysia\Material\Dissolve\Dissolve.h" />
    <ClInclude Include="Elysia\Material\Material.h" />
    <ClInclude Include="Elysia\Material\RandomNoise\RandomNoise.h" />
    <ClInclude Include="Elysia\Material\Vignette\Vignette.h" />
    <ClInclude Include="Elysia\Math\BPMCalculation\BPMSetting.h" />
    <ClInclude Include="Elysia\Math\Collision\CollisionCalculation.h" />
    <ClInclude Include="Elysia\Math\Easing\Easing.h" />
    <ClInclude Include="Elysia\Math\Matrix\Calculation\Matrix4x4Calculation.h" />
    <ClInclude Include="Elysia\Math\Matrix\Matrix3x3.h" />
    <ClInclude Include="Elysia\Math\Matrix\Matrix4x4.h" />
    <ClInclude Include="Elysia\Math\Matrix\TransformationMatrix.h" />
    <ClInclude Include="Elysia\Math\PushBackCalculation\PushBackCalculation.h" />
    <ClInclude Include="Elysia\Math\Quaternion\Calculation\QuaternionCalculation.h" />
    <ClInclude Include="Elysia\Math\Quaternion\Quaternion.h" />
    <ClInclude Include="Elysia\Math\Shape\AABB.h" />
    <ClInclude Include="Elysia\Math\Shape\Fan.h" />
    <ClInclude Include="Elysia\Math\Shape\Plane.h" />
    <ClInclude Include="Elysia\Math\Shape\SphereShape.h" />
    <ClInclude Include="Elysia\Math\Single\SingleCalculation.h" />
    <ClInclude Include="Elysia\Math\Transform\EulerTransform.h" />
    <ClInclude Include="Elysia\Math\Transform\QuaternionTransform.h" />
    <ClInclude Include="Elysia\Math\Transform\Transform.h" />
    <ClInclude Include="Elysia\Math\Vector\Calculation\VectorCalculation.h" />
    <ClInclude Include="Elysia\Math\Vector\Vector2.h" />
    <ClInclude Include="Elysia\Math\Vector\Vector3.h" />
    <ClInclude Include="Elysia\Math\Vector\Vector4.h" />
    <ClInclude Include="Elysia\Math\Vector\VertexData.h" />
    <ClInclude Include="Elysia\Math\WorldTransform\WorldTransform.h" />
    <ClInclude Include="Elysia\Polygon\2D\Sprite\Sprite.h" />
    <ClInclude Include="Elysia\Polygon\2D\Triangle\Triangle.h" />
    <ClInclude Include="Elysia\Polygon\3D\AnimationModel\AnimationModel.h" />
    <ClInclude Include="Elysia\Polygon\3D\InstancingModel\InstancingModel.h" />
    <ClInclude Include="Elysia\Polygon\3D\Model\Model.h" />
    <ClInclude Include="Elysia\Polygon\3D\Particle3D\AccelerationField.h" />
    <ClInclude Include="Elysia\Polygon\3D\Particle3D\Particle.h" />
    <ClInclude Include="Elysia\Polygon\3D\Particle3D\Particle3D.h" />
    <ClInclude Include="Elysia\Polygon\3D\SkyBox\SkyBox.h" />
    <ClInclude Include="Elysia\Polygon\3D\Sphere\Sphere.h" />
    <ClInclude Include="Elysia\Polygon\Particle\Emitter.h" />
    <ClInclude Include="Elysia\Polygon\Particle\ParticleMoveType.h" />
    <ClInclude Include="Elysia\Polygon\PostEffect\BackTest\BackTexture.h" />
    <ClInclude Include="Elysia\Polygon\PostEffect\BoxFilter\BoxFilter.h" />
    <ClInclude Include="Elysia\Polygon\PostEffect\Dissolve\DissolveEffect.h" />
    <ClInclude Include="Elysia\Polygon\PostEffect\GaussianFilter\GaussianFilter.h" />
    <ClInclude Include="Elysia\Polygon\PostEffect\GrayScale\GrayScale.h" />
    <ClInclude Include="Elysia\Polygon\PostEffect\LuminanceBasedOutline\LuminanceBasedOutline.h" />
    <ClInclude Include="Elysia\Polygon\PostEffect\RadialBlur\RadialBlur.h" />
    <ClInclude Include="Elysia\Polygon\PostEffect\RandomEffect\RandomNoisePostEffect.h" />
    <ClInclude Include="Elysia\Polygon\PostEffect\SepiaScale\SepiaScale.h" />
    <ClInclude Include="Elysia\Polygon\PostEffect\Vignette\VignettePostEffect.h" />
    <ClInclude Include="Elysia\StringOption\StringOption.h" />
    <ClInclude Include="Project\AllGameScene\GameSceneFactory.h" />
    <ClInclude Include="Project\AllGameScene\GameScene\GameScene.h" />
    <ClInclude Include="Project\AllGameScene\LoseScene\LoseScene.h" />
    <ClInclude Include="Project\AllGameScene\TestScene\TestScene.h" />
    <ClInclude Include="Project\AllGameScene\TitleScene\TitleScene.h" />
    <ClInclude Include="Project\AllGameScene\WinScene\WinScene.h" />
    <ClInclude Include="Project\CollisionConfig\CollisionConfig.h" />
    <ClInclude Include="Project\EscapeAssistArrow\EscapeAssistArrow.h" />
    <ClInclude Include="Project\Light\FlashLight\FlashLight.h" />
    <ClInclude Include="Project\Light\FlashLight\FlashLightCollision.h" />
    <ClInclude Include="Project\Player\AudioTestPlayer.h" />
    <ClInclude Include="Project\Player\BasePlayerCollision.h" />
    <ClInclude Include="Project\Player\Camera\PlayerCamera.h" />
    <ClInclude Include="Project\Player\Player.h" />
    <ClInclude Include="Project\Player\PlayerCollisionToAudioObject.h" />
    <ClInclude Include="Project\Player\PlayerCollisionToNormalEnemyAttack.h" />
    <ClInclude Include="Project\Player\PlayerCollisionToStageObject.h" />
    <ClInclude Include="Project\Player\PlayerCollisionToStrongEnemy.h" />
    <ClInclude Include="Project\Terrain\Floor\Floor.h" />
    <ClInclude Include="Project\Terrain\ITerrain.h" />
    <ClInclude Include="Project\Terrain\TerrainManager.h" />
    <ClInclude Include="Project\Terrain\Wall\Wall.h" />
  </ItemGroup>
  <ItemGroup>
    <None Include=".editorconfig" />
    <None Include=".gitattributes" />
    <None Include=".gitignore" />
    <None Include="Resources\Shader\AnimationObject3D\AnimationObject3D.hlsli" />
    <None Include="Resources\Shader\BoxFilter\BoxFilter.hlsli" />
    <None Include="Resources\Shader\BoxFilter\SmoothingIndex.hlsli" />
    <None Include="Resources\Shader\DepthBasedOutline\DepthBasedOutline.hlsli" />
    <None Include="Resources\Shader\Dissolve\Dissolve.hlsli" />
    <None Include="Resources\Shader\FullScreen\EffectType.hlsli" />
    <None Include="Resources\Shader\FullScreen\FullScreen.hlsli" />
    <None Include="Resources\Shader\FullScreen\Kernel.hlsli" />
    <None Include="Resources\Shader\FullScreen\SmoothingIndex.hlsli" />
    <None Include="Resources\Shader\GaussianFilter\GaussianFilter.hlsli" />
    <None Include="Resources\Shader\GaussianFilter\Kernel.hlsli" />
    <None Include="Resources\Shader\GaussianFilter\SmoothingIndex.hlsli" />
    <None Include="Resources\Shader\GrayScale\GrayScale.hlsli" />
    <None Include="Resources\Shader\Line3D\Line3D.hlsli" />
    <None Include="Resources\Shader\LuminanceBasedOutline\LuminanceBasedOutline.hlsli" />
    <None Include="Resources\Shader\Object2D\Object2d.hlsli" />
    <None Include="Resources\Shader\Object3D\Object3d.hlsli" />
    <None Include="Resources\Shader\Particle3D\Particle3D.hlsli" />
    <None Include="Resources\Shader\RadialBlur\RadialBlur.hlsli" />
    <None Include="Resources\Shader\RandomEffect\RandomEffect.hlsli" />
    <None Include="Resources\Shader\SepiaScale\SepiaScale.hlsli" />
    <None Include="Resources\Shader\SkyBox\SkyBox.hlsli" />
    <None Include="Resources\Shader\Vignette\Vignette.hlsli" />
  </ItemGroup>
  <ItemGroup>
    <Text Include="Elysia\Audio\AudioMemo.txt" />
  </ItemGroup>
</Project>